// !$*UTF8*$!
{
	archiveVersion = 1;
	classes = {
	};
	objectVersion = 46;
	objects = {

/* Begin PBXBuildFile section */
		67C763251B2ACB8C00A59667 /* InfoViewController.swift in Sources */ = {isa = PBXBuildFile; fileRef = 67C763231B2ACB8C00A59667 /* InfoViewController.swift */; };
		67C763261B2ACB8C00A59667 /* InfoViewController.xib in Resources */ = {isa = PBXBuildFile; fileRef = 67C763241B2ACB8C00A59667 /* InfoViewController.xib */; };
		67C763291B2AD76A00A59667 /* Background.png in Resources */ = {isa = PBXBuildFile; fileRef = 67C763281B2AD76A00A59667 /* Background.png */; };
		67C7632E1B2AE00800A59667 /* Button_Normal.png in Resources */ = {isa = PBXBuildFile; fileRef = 67C7632D1B2AE00800A59667 /* Button_Normal.png */; };
		67C763301B2AE04600A59667 /* Button_Highlighted.png in Resources */ = {isa = PBXBuildFile; fileRef = 67C7632F1B2AE04600A59667 /* Button_Highlighted.png */; };
		67C763351B2AE17600A59667 /* SliderThumb-Highligted.png in Resources */ = {isa = PBXBuildFile; fileRef = 67C763311B2AE17600A59667 /* SliderThumb-Highligted.png */; };
		67C763381B2AE17600A59667 /* SliderThumb-Normal.png in Resources */ = {isa = PBXBuildFile; fileRef = 67C763341B2AE17600A59667 /* SliderThumb-Normal.png */; };
		67E1B95B1B29D70700A5910B /* AppDelegate.swift in Sources */ = {isa = PBXBuildFile; fileRef = 67E1B95A1B29D70700A5910B /* AppDelegate.swift */; };
		67E1B95D1B29D70700A5910B /* ViewController.swift in Sources */ = {isa = PBXBuildFile; fileRef = 67E1B95C1B29D70700A5910B /* ViewController.swift */; };
		67E1B9601B29D70700A5910B /* Main.storyboard in Resources */ = {isa = PBXBuildFile; fileRef = 67E1B95E1B29D70700A5910B /* Main.storyboard */; };
		67E1B9621B29D70700A5910B /* Images.xcassets in Resources */ = {isa = PBXBuildFile; fileRef = 67E1B9611B29D70700A5910B /* Images.xcassets */; };
		67E1B9651B29D70700A5910B /* LaunchScreen.xib in Resources */ = {isa = PBXBuildFile; fileRef = 67E1B9631B29D70700A5910B /* LaunchScreen.xib */; };
		67E1B9711B29D70700A5910B /* DragGameTests.swift in Sources */ = {isa = PBXBuildFile; fileRef = 67E1B9701B29D70700A5910B /* DragGameTests.swift */; };
/* End PBXBuildFile section */

/* Begin PBXContainerItemProxy section */
		67E1B96B1B29D70700A5910B /* PBXContainerItemProxy */ = {
			isa = PBXContainerItemProxy;
			containerPortal = 67E1B94D1B29D70700A5910B /* Project object */;
			proxyType = 1;
			remoteGlobalIDString = 67E1B9541B29D70700A5910B;
			remoteInfo = DragGame;
		};
/* End PBXContainerItemProxy section */

/* Begin PBXFileReference section */
		67C763231B2ACB8C00A59667 /* InfoViewController.swift */ = {isa = PBXFileReference; fileEncoding = 4; lastKnownFileType = sourcecode.swift; path = InfoViewController.swift; sourceTree = "<group>"; };
		67C763241B2ACB8C00A59667 /* InfoViewController.xib */ = {isa = PBXFileReference; fileEncoding = 4; lastKnownFileType = file.xib; path = InfoViewController.xib; sourceTree = "<group>"; };
		67C763281B2AD76A00A59667 /* Background.png */ = {isa = PBXFileReference; lastKnownFileType = image.png; path = Background.png; sourceTree = "<group>"; };
		67C7632D1B2AE00800A59667 /* Button_Normal.png */ = {isa = PBXFileReference; lastKnownFileType = image.png; name = Button_Normal.png; path = ../../../../../Desktop/Button_Normal.png; sourceTree = "<group>"; };
		67C7632F1B2AE04600A59667 /* Button_Highlighted.png */ = {isa = PBXFileReference; lastKnownFileType = image.png; name = Button_Highlighted.png; path = ../../../../../Desktop/Button_Highlighted.png; sourceTree = "<group>"; };
		67C763311B2AE17600A59667 /* SliderThumb-Highligted.png */ = {isa = PBXFileReference; lastKnownFileType = image.png; name = "SliderThumb-Highligted.png"; path = "../../../../../Desktop/SliderThumb-Highligted.png"; sourceTree = "<group>"; };
		67C763341B2AE17600A59667 /* SliderThumb-Normal.png */ = {isa = PBXFileReference; lastKnownFileType = image.png; name = "SliderThumb-Normal.png"; path = "../../../../../Desktop/SliderThumb-Normal.png"; sourceTree = "<group>"; };
		67E1B9551B29D70700A5910B /* DragGame.app */ = {isa = PBXFileReference; explicitFileType = wrapper.application; includeInIndex = 0; path = DragGame.app; sourceTree = BUILT_PRODUCTS_DIR; };
		67E1B9591B29D70700A5910B /* Info.plist */ = {isa = PBXFileReference; lastKnownFileType = text.plist.xml; path = Info.plist; sourceTree = "<group>"; };
		67E1B95A1B29D70700A5910B /* AppDelegate.swift */ = {isa = PBXFileReference; lastKnownFileType = sourcecode.swift; path = AppDelegate.swift; sourceTree = "<group>"; };
		67E1B95C1B29D70700A5910B /* ViewController.swift */ = {isa = PBXFileReference; lastKnownFileType = sourcecode.swift; path = ViewController.swift; sourceTree = "<group>"; };
		67E1B95F1B29D70700A5910B /* Base */ = {isa = PBXFileReference; lastKnownFileType = file.storyboard; name = Base; path = Base.lproj/Main.storyboard; sourceTree = "<group>"; };
		67E1B9611B29D70700A5910B /* Images.xcassets */ = {isa = PBXFileReference; lastKnownFileType = folder.assetcatalog; path = Images.xcassets; sourceTree = "<group>"; };
		67E1B9641B29D70700A5910B /* Base */ = {isa = PBXFileReference; lastKnownFileType = file.xib; name = Base; path = Base.lproj/LaunchScreen.xib; sourceTree = "<group>"; };
		67E1B96A1B29D70700A5910B /* DragGameTests.xctest */ = {isa = PBXFileReference; explicitFileType = wrapper.cfbundle; includeInIndex = 0; path = DragGameTests.xctest; sourceTree = BUILT_PRODUCTS_DIR; };
		67E1B96F1B29D70700A5910B /* Info.plist */ = {isa = PBXFileReference; lastKnownFileType = text.plist.xml; path = Info.plist; sourceTree = "<group>"; };
		67E1B9701B29D70700A5910B /* DragGameTests.swift */ = {isa = PBXFileReference; lastKnownFileType = sourcecode.swift; path = DragGameTests.swift; sourceTree = "<group>"; };
/* End PBXFileReference section */

/* Begin PBXFrameworksBuildPhase section */
		67E1B9521B29D70700A5910B /* Frameworks */ = {
			isa = PBXFrameworksBuildPhase;
			buildActionMask = 2147483647;
			files = (
			);
			runOnlyForDeploymentPostprocessing = 0;
		};
		67E1B9671B29D70700A5910B /* Frameworks */ = {
			isa = PBXFrameworksBuildPhase;
			buildActionMask = 2147483647;
			files = (
			);
			runOnlyForDeploymentPostprocessing = 0;
		};
/* End PBXFrameworksBuildPhase section */

/* Begin PBXGroup section */
		67C7632A1B2AD77500A59667 /* images */ = {
			isa = PBXGroup;
			children = (
				67C7632F1B2AE04600A59667 /* Button_Highlighted.png */,
				67C7632D1B2AE00800A59667 /* Button_Normal.png */,
				67C763281B2AD76A00A59667 /* Background.png */,
				67C763311B2AE17600A59667 /* SliderThumb-Highligted.png */,
				67C763341B2AE17600A59667 /* SliderThumb-Normal.png */,
			);
			name = images;
			sourceTree = "<group>";
		};
		67E1B94C1B29D70700A5910B = {
			isa = PBXGroup;
			children = (
				67E1B9571B29D70700A5910B /* DragGame */,
				67E1B96D1B29D70700A5910B /* DragGameTests */,
				67E1B9561B29D70700A5910B /* Products */,
			);
			sourceTree = "<group>";
		};
		67E1B9561B29D70700A5910B /* Products */ = {
			isa = PBXGroup;
			children = (
				67E1B9551B29D70700A5910B /* DragGame.app */,
				67E1B96A1B29D70700A5910B /* DragGameTests.xctest */,
			);
			name = Products;
			sourceTree = "<group>";
		};
		67E1B9571B29D70700A5910B /* DragGame */ = {
			isa = PBXGroup;
			children = (
				67C7632A1B2AD77500A59667 /* images */,
				67E1B95A1B29D70700A5910B /* AppDelegate.swift */,
				67E1B95C1B29D70700A5910B /* ViewController.swift */,
				67E1B95E1B29D70700A5910B /* Main.storyboard */,
				67E1B9611B29D70700A5910B /* Images.xcassets */,
				67E1B9631B29D70700A5910B /* LaunchScreen.xib */,
				67E1B9581B29D70700A5910B /* Supporting Files */,
				67C763231B2ACB8C00A59667 /* InfoViewController.swift */,
				67C763241B2ACB8C00A59667 /* InfoViewController.xib */,
			);
			path = DragGame;
			sourceTree = "<group>";
		};
		67E1B9581B29D70700A5910B /* Supporting Files */ = {
			isa = PBXGroup;
			children = (
				67E1B9591B29D70700A5910B /* Info.plist */,
			);
			name = "Supporting Files";
			sourceTree = "<group>";
		};
		67E1B96D1B29D70700A5910B /* DragGameTests */ = {
			isa = PBXGroup;
			children = (
				67E1B9701B29D70700A5910B /* DragGameTests.swift */,
				67E1B96E1B29D70700A5910B /* Supporting Files */,
			);
			path = DragGameTests;
			sourceTree = "<group>";
		};
		67E1B96E1B29D70700A5910B /* Supporting Files */ = {
			isa = PBXGroup;
			children = (
				67E1B96F1B29D70700A5910B /* Info.plist */,
			);
			name = "Supporting Files";
			sourceTree = "<group>";
		};
/* End PBXGroup section */

/* Begin PBXNativeTarget section */
		67E1B9541B29D70700A5910B /* DragGame */ = {
			isa = PBXNativeTarget;
			buildConfigurationList = 67E1B9741B29D70700A5910B /* Build configuration list for PBXNativeTarget "DragGame" */;
			buildPhases = (
				67E1B9511B29D70700A5910B /* Sources */,
				67E1B9521B29D70700A5910B /* Frameworks */,
				67E1B9531B29D70700A5910B /* Resources */,
			);
			buildRules = (
			);
			dependencies = (
			);
			name = DragGame;
			productName = DragGame;
			productReference = 67E1B9551B29D70700A5910B /* DragGame.app */;
			productType = "com.apple.product-type.application";
		};
		67E1B9691B29D70700A5910B /* DragGameTests */ = {
			isa = PBXNativeTarget;
			buildConfigurationList = 67E1B9771B29D70700A5910B /* Build configuration list for PBXNativeTarget "DragGameTests" */;
			buildPhases = (
				67E1B9661B29D70700A5910B /* Sources */,
				67E1B9671B29D70700A5910B /* Frameworks */,
				67E1B9681B29D70700A5910B /* Resources */,
			);
			buildRules = (
			);
			dependencies = (
				67E1B96C1B29D70700A5910B /* PBXTargetDependency */,
			);
			name = DragGameTests;
			productName = DragGameTests;
			productReference = 67E1B96A1B29D70700A5910B /* DragGameTests.xctest */;
			productType = "com.apple.product-type.bundle.unit-test";
		};
/* End PBXNativeTarget section */

/* Begin PBXProject section */
		67E1B94D1B29D70700A5910B /* Project object */ = {
			isa = PBXProject;
			attributes = {
				LastUpgradeCheck = 0630;
				ORGANIZATIONNAME = HEWei;
				TargetAttributes = {
					67E1B9541B29D70700A5910B = {
						CreatedOnToolsVersion = 6.3.2;
					};
					67E1B9691B29D70700A5910B = {
						CreatedOnToolsVersion = 6.3.2;
						TestTargetID = 67E1B9541B29D70700A5910B;
					};
				};
			};
			buildConfigurationList = 67E1B9501B29D70700A5910B /* Build configuration list for PBXProject "DragGame" */;
			compatibilityVersion = "Xcode 3.2";
			developmentRegion = English;
			hasScannedForEncodings = 0;
			knownRegions = (
				en,
				Base,
			);
			mainGroup = 67E1B94C1B29D70700A5910B;
			productRefGroup = 67E1B9561B29D70700A5910B /* Products */;
			projectDirPath = "";
			projectRoot = "";
			targets = (
				67E1B9541B29D70700A5910B /* DragGame */,
				67E1B9691B29D70700A5910B /* DragGameTests */,
			);
		};
/* End PBXProject section */

/* Begin PBXResourcesBuildPhase section */
		67E1B9531B29D70700A5910B /* Resources */ = {
			isa = PBXResourcesBuildPhase;
			buildActionMask = 2147483647;
			files = (
				67E1B9601B29D70700A5910B /* Main.storyboard in Resources */,
				67E1B9651B29D70700A5910B /* LaunchScreen.xib in Resources */,
				67C763301B2AE04600A59667 /* Button_Highlighted.png in Resources */,
				67C7632E1B2AE00800A59667 /* Button_Normal.png in Resources */,
				67C763381B2AE17600A59667 /* SliderThumb-Normal.png in Resources */,
				67C763291B2AD76A00A59667 /* Background.png in Resources */,
				67C763261B2ACB8C00A59667 /* InfoViewController.xib in Resources */,
				67C763351B2AE17600A59667 /* SliderThumb-Highligted.png in Resources */,
				67E1B9621B29D70700A5910B /* Images.xcassets in Resources */,
			);
			runOnlyForDeploymentPostprocessing = 0;
		};
		67E1B9681B29D70700A5910B /* Resources */ = {
			isa = PBXResourcesBuildPhase;
			buildActionMask = 2147483647;
			files = (
			);
			runOnlyForDeploymentPostprocessing = 0;
		};
/* End PBXResourcesBuildPhase section */

/* Begin PBXSourcesBuildPhase section */
		67E1B9511B29D70700A5910B /* Sources */ = {
			isa = PBXSourcesBuildPhase;
			buildActionMask = 2147483647;
			files = (
				67E1B95D1B29D70700A5910B /* ViewController.swift in Sources */,
				67C763251B2ACB8C00A59667 /* InfoViewController.swift in Sources */,
				67E1B95B1B29D70700A5910B /* AppDelegate.swift in Sources */,
			);
			runOnlyForDeploymentPostprocessing = 0;
		};
		67E1B9661B29D70700A5910B /* Sources */ = {
			isa = PBXSourcesBuildPhase;
			buildActionMask = 2147483647;
			files = (
				67E1B9711B29D70700A5910B /* DragGameTests.swift in Sources */,
			);
			runOnlyForDeploymentPostprocessing = 0;
		};
/* End PBXSourcesBuildPhase section */

/* Begin PBXTargetDependency section */
		67E1B96C1B29D70700A5910B /* PBXTargetDependency */ = {
			isa = PBXTargetDependency;
			target = 67E1B9541B29D70700A5910B /* DragGame */;
			targetProxy = 67E1B96B1B29D70700A5910B /* PBXContainerItemProxy */;
		};
/* End PBXTargetDependency section */

/* Begin PBXVariantGroup section */
		67E1B95E1B29D70700A5910B /* Main.storyboard */ = {
			isa = PBXVariantGroup;
			children = (
				67E1B95F1B29D70700A5910B /* Base */,
			);
			name = Main.storyboard;
			sourceTree = "<group>";
		};
		67E1B9631B29D70700A5910B /* LaunchScreen.xib */ = {
			isa = PBXVariantGroup;
			children = (
				67E1B9641B29D70700A5910B /* Base */,
			);
			name = LaunchScreen.xib;
			sourceTree = "<group>";
		};
/* End PBXVariantGroup section */

/* Begin XCBuildConfiguration section */
		67E1B9721B29D70700A5910B /* Debug */ = {
			isa = XCBuildConfiguration;
			buildSettings = {
				ALWAYS_SEARCH_USER_PATHS = NO;
				CLANG_CXX_LANGUAGE_STANDARD = "gnu++0x";
				CLANG_CXX_LIBRARY = "libc++";
				CLANG_ENABLE_MODULES = YES;
				CLANG_ENABLE_OBJC_ARC = YES;
				CLANG_WARN_BOOL_CONVERSION = YES;
				CLANG_WARN_CONSTANT_CONVERSION = YES;
				CLANG_WARN_DIRECT_OBJC_ISA_USAGE = YES_ERROR;
				CLANG_WARN_EMPTY_BODY = YES;
				CLANG_WARN_ENUM_CONVERSION = YES;
				CLANG_WARN_INT_CONVERSION = YES;
				CLANG_WARN_OBJC_ROOT_CLASS = YES_ERROR;
				CLANG_WARN_UNREACHABLE_CODE = YES;
				CLANG_WARN__DUPLICATE_METHOD_MATCH = YES;
				"CODE_SIGN_IDENTITY[sdk=iphoneos*]" = "iPhone Developer";
				COPY_PHASE_STRIP = NO;
				DEBUG_INFORMATION_FORMAT = "dwarf-with-dsym";
				ENABLE_STRICT_OBJC_MSGSEND = YES;
				GCC_C_LANGUAGE_STANDARD = gnu99;
				GCC_DYNAMIC_NO_PIC = NO;
				GCC_NO_COMMON_BLOCKS = YES;
				GCC_OPTIMIZATION_LEVEL = 0;
				GCC_PREPROCESSOR_DEFINITIONS = (
					"DEBUG=1",
					"$(inherited)",
				);
				GCC_SYMBOLS_PRIVATE_EXTERN = NO;
				GCC_WARN_64_TO_32_BIT_CONVERSION = YES;
				GCC_WARN_ABOUT_RETURN_TYPE = YES_ERROR;
				GCC_WARN_UNDECLARED_SELECTOR = YES;
				GCC_WARN_UNINITIALIZED_AUTOS = YES_AGGRESSIVE;
				GCC_WARN_UNUSED_FUNCTION = YES;
				GCC_WARN_UNUSED_VARIABLE = YES;
				IPHONEOS_DEPLOYMENT_TARGET = 8.3;
				MTL_ENABLE_DEBUG_INFO = YES;
				ONLY_ACTIVE_ARCH = YES;
				SDKROOT = iphoneos;
				SWIFT_OPTIMIZATION_LEVEL = "-Onone";
			};
			name = Debug;
		};
		67E1B9731B29D70700A5910B /* Release */ = {
			isa = XCBuildConfiguration;
			buildSettings = {
				ALWAYS_SEARCH_USER_PATHS = NO;
				CLANG_CXX_LANGUAGE_STANDARD = "gnu++0x";
				CLANG_CXX_LIBRARY = "libc++";
				CLANG_ENABLE_MODULES = YES;
				CLANG_ENABLE_OBJC_ARC = YES;
				CLANG_WARN_BOOL_CONVERSION = YES;
				CLANG_WARN_CONSTANT_CONVERSION = YES;
				CLANG_WARN_DIRECT_OBJC_ISA_USAGE = YES_ERROR;
				CLANG_WARN_EMPTY_BODY = YES;
				CLANG_WARN_ENUM_CONVERSION = YES;
				CLANG_WARN_INT_CONVERSION = YES;
				CLANG_WARN_OBJC_ROOT_CLASS = YES_ERROR;
				CLANG_WARN_UNREACHABLE_CODE = YES;
				CLANG_WARN__DUPLICATE_METHOD_MATCH = YES;
				"CODE_SIGN_IDENTITY[sdk=iphoneos*]" = "iPhone Developer";
				COPY_PHASE_STRIP = NO;
				DEBUG_INFORMATION_FORMAT = "dwarf-with-dsym";
				ENABLE_NS_ASSERTIONS = NO;
				ENABLE_STRICT_OBJC_MSGSEND = YES;
				GCC_C_LANGUAGE_STANDARD = gnu99;
				GCC_NO_COMMON_BLOCKS = YES;
				GCC_WARN_64_TO_32_BIT_CONVERSION = YES;
				GCC_WARN_ABOUT_RETURN_TYPE = YES_ERROR;
				GCC_WARN_UNDECLARED_SELECTOR = YES;
				GCC_WARN_UNINITIALIZED_AUTOS = YES_AGGRESSIVE;
				GCC_WARN_UNUSED_FUNCTION = YES;
				GCC_WARN_UNUSED_VARIABLE = YES;
				IPHONEOS_DEPLOYMENT_TARGET = 8.3;
				MTL_ENABLE_DEBUG_INFO = NO;
				SDKROOT = iphoneos;
				VALIDATE_PRODUCT = YES;
			};
			name = Release;
		};
		67E1B9751B29D70700A5910B /* Debug */ = {
			isa = XCBuildConfiguration;
			buildSettings = {
				ASSETCATALOG_COMPILER_APPICON_NAME = AppIcon;
				INFOPLIST_FILE = DragGame/Info.plist;
				LD_RUNPATH_SEARCH_PATHS = "$(inherited) @executable_path/Frameworks";
				PRODUCT_NAME = "$(TARGET_NAME)";
			};
			name = Debug;
		};
		67E1B9761B29D70700A5910B /* Release */ = {
			isa = XCBuildConfiguration;
			buildSettings = {
				ASSETCATALOG_COMPILER_APPICON_NAME = AppIcon;
				INFOPLIST_FILE = DragGame/Info.plist;
				LD_RUNPATH_SEARCH_PATHS = "$(inherited) @executable_path/Frameworks";
				PRODUCT_NAME = "$(TARGET_NAME)";
			};
			name = Release;
		};
		67E1B9781B29D70700A5910B /* Debug */ = {
			isa = XCBuildConfiguration;
			buildSettings = {
				BUNDLE_LOADER = "$(TEST_HOST)";
				FRAMEWORK_SEARCH_PATHS = (
					"$(SDKROOT)/Developer/Library/Frameworks",
					"$(inherited)",
				);
				GCC_PREPROCESSOR_DEFINITIONS = (
					"DEBUG=1",
					"$(inherited)",
				);
				INFOPLIST_FILE = DragGameTests/Info.plist;
				LD_RUNPATH_SEARCH_PATHS = "$(inherited) @executable_path/Frameworks @loader_path/Frameworks";
				PRODUCT_NAME = "$(TARGET_NAME)";
				TEST_HOST = "$(BUILT_PRODUCTS_DIR)/DragGame.app/DragGame";
			};
			name = Debug;
		};
		67E1B9791B29D70700A5910B /* Release */ = {
			isa = XCBuildConfiguration;
			buildSettings = {
				BUNDLE_LOADER = "$(TEST_HOST)";
				FRAMEWORK_SEARCH_PATHS = (
					"$(SDKROOT)/Developer/Library/Frameworks",
					"$(inherited)",
				);
				INFOPLIST_FILE = DragGameTests/Info.plist;
				LD_RUNPATH_SEARCH_PATHS = "$(inherited) @executable_path/Frameworks @loader_path/Frameworks";
				PRODUCT_NAME = "$(TARGET_NAME)";
				TEST_HOST = "$(BUILT_PRODUCTS_DIR)/DragGame.app/DragGame";
			};
			name = Release;
		};
/* End XCBuildConfiguration section */

/* Begin XCConfigurationList section */
		67E1B9501B29D70700A5910B /* Build configuration list for PBXProject "DragGame" */ = {
			isa = XCConfigurationList;
			buildConfigurations = (
				67E1B9721B29D70700A5910B /* Debug */,
				67E1B9731B29D70700A5910B /* Release */,
			);
			defaultConfigurationIsVisible = 0;
			defaultConfigurationName = Release;
		};
		67E1B9741B29D70700A5910B /* Build configuration list for PBXNativeTarget "DragGame" */ = {
			isa = XCConfigurationList;
			buildConfigurations = (
				67E1B9751B29D70700A5910B /* Debug */,
				67E1B9761B29D70700A5910B /* Release */,
			);
			defaultConfigurationIsVisible = 0;
			defaultConfigurationName = Release;
		};
		67E1B9771B29D70700A5910B /* Build configuration list for PBXNativeTarget "DragGameTests" */ = {
			isa = XCConfigurationList;
			buildConfigurations = (
				67E1B9781B29D70700A5910B /* Debug */,
				67E1B9791B29D70700A5910B /* Release */,
			);
			defaultConfigurationIsVisible = 0;
			defaultConfigurationName = Release;
		};
/* End XCConfigurationList section */
	};
	rootObject = 67E1B94D1B29D70700A5910B /* Project object */;
}
